{
    "_readme": [
        "This file locks the dependencies of your project to a known state",
        "Read more about it at https://getcomposer.org/doc/01-basic-usage.md#installing-dependencies",
        "This file is @generated automatically"
    ],
    "content-hash": "d33adca625e4b1dd3291e60d13cbc6d9",
    "packages": [
        {
            "name": "adhocore/json-comment",
            "version": "0.1.0",
            "source": {
                "type": "git",
                "url": "https://github.com/adhocore/php-json-comment.git",
                "reference": "8448076039389f558f39ad0553aab87db3f81614"
            },
            "dist": {
                "type": "zip",
                "url": "https://api.github.com/repos/adhocore/php-json-comment/zipball/8448076039389f558f39ad0553aab87db3f81614",
                "reference": "8448076039389f558f39ad0553aab87db3f81614",
                "shasum": ""
            },
            "require": {
                "php": ">=5.4"
            },
            "require-dev": {
                "phpunit/phpunit": "^6.5 || ^7.5"
            },
            "type": "library",
            "autoload": {
                "psr-4": {
                    "Ahc\\Json\\": "src/"
                }
            },
            "notification-url": "https://packagist.org/downloads/",
            "license": [
                "MIT"
            ],
            "authors": [
                {
                    "name": "Jitendra Adhikari",
                    "email": "jiten.adhikary@gmail.com"
                }
            ],
            "description": "Lightweight JSON comment stripper library for PHP",
            "keywords": [
                "comment",
                "json",
                "strip-comment"
            ],
            "time": "2020-01-03T13:51:23+00:00"
        },
        {
            "name": "mine_deep_rock/bossbar_system",
            "version": "dev-master",
            "source": {
                "type": "git",
                "url": "https://github.com/MineDeepRock/bossbar_system",
                "reference": "f36afeeb9879cc98e0d0fbdb143fcae734d2c11b"
            },
            "require": {
                "pocketmine/pocketmine-mp": "*"
            },
            "type": "library",
            "autoload": {
                "psr-4": {
                    "": [
                        "src/"
                    ]
                }
            },
            "authors": [
                {
                    "name": "suinua"
                },
                {
                    "name": "ribnil"
                }
            ],
            "time": "2020-09-16T13:57:17+00:00"
        },
        {
            "name": "mine_deep_rock/form_builder",
            "version": "dev-master",
            "source": {
                "type": "git",
                "url": "https://github.com/MineDeepRock/form_builder",
                "reference": "3c5822f9ac3810924f0b8868209042dab827551b"
            },
            "require": {
                "pocketmine/pocketmine-mp": "*"
            },
            "type": "library",
            "autoload": {
                "psr-4": {
                    "": [
                        "src/"
                    ]
                }
            },
            "authors": [
                {
                    "name": "suinua"
                }
            ],
            "time": "2020-09-16T13:56:43+00:00"
        },
        {
            "name": "ocramius/package-versions",
            "version": "1.5.1",
            "source": {
                "type": "git",
                "url": "https://github.com/Ocramius/PackageVersions.git",
                "reference": "1d32342b8c1eb27353c8887c366147b4c2da673c"
            },
            "dist": {
                "type": "zip",
                "url": "https://api.github.com/repos/Ocramius/PackageVersions/zipball/1d32342b8c1eb27353c8887c366147b4c2da673c",
                "reference": "1d32342b8c1eb27353c8887c366147b4c2da673c",
                "shasum": ""
            },
            "require": {
                "composer-plugin-api": "^1.0.0",
                "php": "^7.3.0"
            },
            "require-dev": {
                "composer/composer": "^1.8.6",
                "doctrine/coding-standard": "^6.0.0",
                "ext-zip": "*",
                "infection/infection": "^0.13.4",
                "phpunit/phpunit": "^8.2.5",
                "vimeo/psalm": "^3.4.9"
            },
            "type": "composer-plugin",
            "extra": {
                "class": "PackageVersions\\Installer",
                "branch-alias": {
                    "dev-master": "1.6.x-dev"
                }
            },
            "autoload": {
                "psr-4": {
                    "PackageVersions\\": "src/PackageVersions"
                }
            },
            "notification-url": "https://packagist.org/downloads/",
            "license": [
                "MIT"
            ],
            "authors": [
                {
                    "name": "Marco Pivetta",
                    "email": "ocramius@gmail.com"
                }
            ],
            "description": "Composer plugin that provides efficient querying for installed package versions (no runtime IO)",
            "time": "2019-07-17T15:49:50+00:00"
        },
        {
            "name": "pocketmine/binaryutils",
            "version": "0.1.13",
            "source": {
                "type": "git",
                "url": "https://github.com/pmmp/BinaryUtils.git",
                "reference": "0abee38d4e2861621f262c79a2a3d699d8a697f4"
            },
            "dist": {
                "type": "zip",
                "url": "https://api.github.com/repos/pmmp/BinaryUtils/zipball/0abee38d4e2861621f262c79a2a3d699d8a697f4",
                "reference": "0abee38d4e2861621f262c79a2a3d699d8a697f4",
                "shasum": ""
            },
            "require": {
                "php": "^7.2 || ^8.0",
                "php-64bit": "*"
            },
            "require-dev": {
                "phpstan/extension-installer": "^1.0",
                "phpstan/phpstan": "0.12.67",
                "phpstan/phpstan-strict-rules": "^0.12.4"
            },
            "type": "library",
            "autoload": {
                "psr-4": {
                    "pocketmine\\utils\\": "src/"
                }
            },
            "notification-url": "https://packagist.org/downloads/",
            "license": [
                "LGPL-3.0"
            ],
            "description": "Classes and methods for conveniently handling binary data",
            "time": "2021-01-15T14:19:13+00:00"
        },
        {
            "name": "pocketmine/callback-validator",
            "version": "1.0.3",
            "source": {
                "type": "git",
                "url": "https://github.com/pmmp/CallbackValidator.git",
                "reference": "64787469766bcaa7e5885242e85c23c25e8c55a2"
            },
            "dist": {
                "type": "zip",
                "url": "https://api.github.com/repos/pmmp/CallbackValidator/zipball/64787469766bcaa7e5885242e85c23c25e8c55a2",
                "reference": "64787469766bcaa7e5885242e85c23c25e8c55a2",
                "shasum": ""
            },
            "require": {
                "ext-reflection": "*",
                "php": "^7.1 || ^8.0"
            },
            "replace": {
                "daverandom/callback-validator": "*"
            },
            "require-dev": {
                "phpstan/extension-installer": "^1.0",
                "phpstan/phpstan": "0.12.59",
                "phpstan/phpstan-strict-rules": "^0.12.4",
                "phpunit/phpunit": "^7.5 || ^8.5 || ^9.0"
            },
            "type": "library",
            "autoload": {
                "psr-4": {
                    "DaveRandom\\CallbackValidator\\": "src/"
                }
            },
            "notification-url": "https://packagist.org/downloads/",
            "license": [
                "MIT"
            ],
            "authors": [
                {
                    "name": "Chris Wright",
                    "email": "cw@daverandom.com"
                }
            ],
            "description": "Fork of daverandom/callback-validator - Tools for validating callback signatures",
            "time": "2020-12-11T01:45:37+00:00"
        },
        {
            "name": "pocketmine/classloader",
            "version": "0.1.2",
            "source": {
                "type": "git",
                "url": "https://github.com/pmmp/ClassLoader.git",
                "reference": "9757928424652393b178a3760073113aa7c9911b"
            },
            "dist": {
                "type": "zip",
                "url": "https://api.github.com/repos/pmmp/ClassLoader/zipball/9757928424652393b178a3760073113aa7c9911b",
                "reference": "9757928424652393b178a3760073113aa7c9911b",
                "shasum": ""
            },
            "require": {
                "ext-pthreads": "~3.2.0",
                "ext-reflection": "*",
                "php": "^7.2 || ^8.0"
            },
            "conflict": {
                "pocketmine/spl": "<0.4"
            },
            "require-dev": {
                "phpstan/extension-installer": "^1.0",
                "phpstan/phpstan": "0.12.66",
                "phpstan/phpstan-strict-rules": "^0.12.4"
            },
            "type": "library",
            "autoload": {
                "classmap": [
                    "./src"
                ]
            },
            "notification-url": "https://packagist.org/downloads/",
            "license": [
                "LGPL-3.0"
            ],
            "description": "Ad-hoc autoloading components used by PocketMine-MP",
            "time": "2021-01-15T00:40:47+00:00"
        },
        {
            "name": "pocketmine/log",
            "version": "0.2.1",
            "source": {
                "type": "git",
                "url": "https://github.com/pmmp/Log.git",
                "reference": "830b44a2cf96ef703c550abe64302f230231ca49"
            },
            "dist": {
                "type": "zip",
                "url": "https://api.github.com/repos/pmmp/Log/zipball/830b44a2cf96ef703c550abe64302f230231ca49",
                "reference": "830b44a2cf96ef703c550abe64302f230231ca49",
                "shasum": ""
            },
            "require": {
                "php": "^7.2 || ^8.0"
            },
            "conflict": {
                "pocketmine/spl": "<0.4"
            },
            "require-dev": {
                "phpstan/phpstan": "0.12.67",
                "phpstan/phpstan-strict-rules": "^0.12.2"
            },
            "type": "library",
            "autoload": {
                "classmap": [
                    "./src"
                ]
            },
            "notification-url": "https://packagist.org/downloads/",
            "license": [
                "LGPL-3.0"
            ],
            "description": "Logging components used by PocketMine-MP and related projects",
            "time": "2021-01-15T14:32:41+00:00"
        },
        {
            "name": "pocketmine/log-pthreads",
            "version": "0.1.3",
            "source": {
                "type": "git",
                "url": "https://github.com/pmmp/LogPthreads.git",
                "reference": "e477ecf6ec214fdd4415ea1da3fdd9d73bf699ea"
            },
            "dist": {
                "type": "zip",
                "url": "https://api.github.com/repos/pmmp/LogPthreads/zipball/e477ecf6ec214fdd4415ea1da3fdd9d73bf699ea",
                "reference": "e477ecf6ec214fdd4415ea1da3fdd9d73bf699ea",
                "shasum": ""
            },
            "require": {
                "ext-pthreads": "~3.2.0",
                "php": "^7.2 || ^8.0",
                "pocketmine/log": "^0.2.0"
            },
            "conflict": {
                "pocketmine/spl": "<0.4"
            },
            "require-dev": {
                "phpstan/extension-installer": "^1.0",
                "phpstan/phpstan": "0.12.66",
                "phpstan/phpstan-strict-rules": "^0.12.4"
            },
            "type": "library",
            "autoload": {
                "classmap": [
                    "./src"
                ]
            },
            "notification-url": "https://packagist.org/downloads/",
            "license": [
                "LGPL-3.0"
            ],
            "description": "Logging components specialized for pthreads used by PocketMine-MP and related projects",
            "time": "2021-01-15T00:35:49+00:00"
        },
        {
            "name": "pocketmine/math",
            "version": "0.2.6",
            "source": {
                "type": "git",
                "url": "https://github.com/pmmp/Math.git",
                "reference": "43057cb8c179a9859677b496a788db922fd5cfc3"
            },
            "dist": {
                "type": "zip",
                "url": "https://api.github.com/repos/pmmp/Math/zipball/43057cb8c179a9859677b496a788db922fd5cfc3",
                "reference": "43057cb8c179a9859677b496a788db922fd5cfc3",
                "shasum": ""
            },
            "require": {
                "php": "^7.2 || ^8.0",
                "php-64bit": "*"
            },
            "require-dev": {
                "phpstan/extension-installer": "^1.0",
                "phpstan/phpstan": "0.12.67",
                "phpstan/phpstan-strict-rules": "^0.12.4"
            },
            "type": "library",
            "autoload": {
                "psr-4": {
                    "pocketmine\\math\\": "src/"
                }
            },
            "notification-url": "https://packagist.org/downloads/",
            "license": [
                "LGPL-3.0"
            ],
            "description": "PHP library containing math related code used in PocketMine-MP",
            "time": "2021-01-15T14:25:11+00:00"
        },
        {
            "name": "pocketmine/nbt",
            "version": "0.2.16",
            "source": {
                "type": "git",
                "url": "https://github.com/pmmp/NBT.git",
                "reference": "be6d54a8a314967d938b501eee49d4641e2ab07d"
            },
            "dist": {
                "type": "zip",
                "url": "https://api.github.com/repos/pmmp/NBT/zipball/be6d54a8a314967d938b501eee49d4641e2ab07d",
                "reference": "be6d54a8a314967d938b501eee49d4641e2ab07d",
                "shasum": ""
            },
            "require": {
                "ext-zlib": "*",
                "php": "^7.2 || ^8.0",
                "php-64bit": "*",
                "pocketmine/binaryutils": "^0.1.9"
            },
            "require-dev": {
                "irstea/phpunit-shim": "^7.5 || ^8.0",
                "phpstan/extension-installer": "^1.0",
                "phpstan/phpstan": "0.12.67",
                "phpstan/phpstan-strict-rules": "^0.12.4"
            },
            "type": "library",
            "autoload": {
                "psr-4": {
                    "pocketmine\\nbt\\": "src/"
                }
            },
            "notification-url": "https://packagist.org/downloads/",
            "license": [
                "LGPL-3.0"
            ],
            "description": "PHP library for working with Named Binary Tags",
            "time": "2021-01-15T15:27:28+00:00"
        },
        {
            "name": "pocketmine/pocketmine-mp",
            "version": "3.15.2",
            "source": {
                "type": "git",
                "url": "https://github.com/pmmp/PocketMine-MP.git",
                "reference": "d7a66ad7559f23d24ffe95813421a720203109b1"
            },
            "dist": {
                "type": "zip",
                "url": "https://api.github.com/repos/pmmp/PocketMine-MP/zipball/d7a66ad7559f23d24ffe95813421a720203109b1",
                "reference": "d7a66ad7559f23d24ffe95813421a720203109b1",
                "shasum": ""
            },
            "require": {
                "adhocore/json-comment": "^0.1.0",
                "ext-bcmath": "*",
                "ext-ctype": "*",
                "ext-curl": "*",
                "ext-date": "*",
                "ext-hash": "*",
                "ext-json": "*",
                "ext-mbstring": "*",
                "ext-openssl": "*",
                "ext-pcre": "*",
                "ext-phar": "*",
                "ext-pthreads": "~3.2.0",
                "ext-reflection": "*",
                "ext-sockets": "*",
                "ext-spl": "*",
                "ext-yaml": ">=2.0.0",
                "ext-zip": "*",
                "ext-zlib": ">=1.2.11",
                "ocramius/package-versions": "^1.5",
                "php": ">=7.3.0",
                "php-64bit": "*",
                "pocketmine/binaryutils": "^0.1.9",
                "pocketmine/callback-validator": "^1.0.2",
                "pocketmine/classloader": "^0.1.0",
                "pocketmine/log": "^0.2.0",
                "pocketmine/log-pthreads": "^0.1.0",
                "pocketmine/math": "^0.2.0",
                "pocketmine/nbt": "^0.2.10",
                "pocketmine/raklib": "^0.12.7",
                "pocketmine/snooze": "^0.1.0",
                "pocketmine/spl": "^0.4.0"
            },
            "require-dev": {
                "phpstan/phpstan": "0.12.48",
                "phpstan/phpstan-phpunit": "^0.12.6",
                "phpstan/phpstan-strict-rules": "^0.12.2",
                "phpunit/phpunit": "^9.2"
            },
            "type": "project",
            "autoload": {
                "psr-4": {
                    "": [
                        "src"
                    ]
                },
                "files": [
                    "src/pocketmine/CoreConstants.php",
                    "src/pocketmine/GlobalConstants.php",
                    "src/pocketmine/VersionInfo.php"
                ]
            },
            "notification-url": "https://packagist.org/downloads/",
            "license": [
                "LGPL-3.0"
            ],
            "description": "A server software for Minecraft: Pocket Edition written in PHP",
            "homepage": "https://pmmp.io",
            "time": "2020-10-06T12:33:42+00:00"
        },
        {
            "name": "pocketmine/raklib",
            "version": "0.12.11",
            "source": {
                "type": "git",
                "url": "https://github.com/pmmp/RakLib.git",
                "reference": "9cce458b8bfde3e4dfdbf70c659fc7b7fe26b5c4"
            },
            "dist": {
                "type": "zip",
                "url": "https://api.github.com/repos/pmmp/RakLib/zipball/9cce458b8bfde3e4dfdbf70c659fc7b7fe26b5c4",
                "reference": "9cce458b8bfde3e4dfdbf70c659fc7b7fe26b5c4",
                "shasum": ""
            },
            "require": {
                "ext-pthreads": "~3.2.0",
                "ext-sockets": "*",
                "php": "^7.2 || ^8.0",
                "php-64bit": "*",
                "php-ipv6": "*",
                "pocketmine/binaryutils": "^0.1.9",
                "pocketmine/log": "^0.2.0",
                "pocketmine/log-pthreads": "^0.1.0",
                "pocketmine/snooze": "^0.1.0"
            },
            "require-dev": {
                "phpstan/phpstan": "0.12.76",
                "phpstan/phpstan-strict-rules": "^0.12.2"
            },
            "type": "library",
            "autoload": {
                "psr-4": {
                    "raklib\\": "src/"
                }
            },
            "notification-url": "https://packagist.org/downloads/",
            "license": [
                "GPL-3.0"
            ],
            "description": "A RakNet server implementation written in PHP",
            "time": "2021-02-15T11:21:05+00:00"
        },
        {
            "name": "pocketmine/snooze",
            "version": "0.1.5",
            "source": {
                "type": "git",
                "url": "https://github.com/pmmp/Snooze.git",
                "reference": "70b5e7937a06878dd321a3182ceb76d56298f2cd"
            },
            "dist": {
                "type": "zip",
                "url": "https://api.github.com/repos/pmmp/Snooze/zipball/70b5e7937a06878dd321a3182ceb76d56298f2cd",
                "reference": "70b5e7937a06878dd321a3182ceb76d56298f2cd",
                "shasum": ""
            },
            "require": {
                "ext-pthreads": ">=3.1.7dev",
                "php-64bit": "^7.2 || ^8.0"
            },
            "require-dev": {
                "phpstan/extension-installer": "^1.0",
                "phpstan/phpstan": "0.12.76",
                "phpstan/phpstan-strict-rules": "^0.12.4"
            },
            "type": "library",
            "autoload": {
                "psr-4": {
                    "pocketmine\\snooze\\": "src/"
                }
            },
            "notification-url": "https://packagist.org/downloads/",
            "license": [
                "LGPL-3.0"
            ],
            "description": "Thread notification management library for code using the pthreads extension",
            "time": "2021-02-22T16:16:12+00:00"
        },
        {
            "name": "pocketmine/spl",
            "version": "0.4.2",
            "source": {
                "type": "git",
                "url": "https://github.com/pmmp/SPL.git",
                "reference": "6b08b7cf8c4afa17139c9a1b3bf1b408531de161"
            },
            "dist": {
                "type": "zip",
                "url": "https://api.github.com/repos/pmmp/SPL/zipball/6b08b7cf8c4afa17139c9a1b3bf1b408531de161",
                "reference": "6b08b7cf8c4afa17139c9a1b3bf1b408531de161",
                "shasum": ""
            },
            "require": {
                "php": "^7.2 || ^8.0"
            },
            "require-dev": {
                "phpstan/phpstan": "^0.12.8"
            },
            "type": "library",
            "autoload": {
                "classmap": [
                    "./src"
                ]
            },
            "notification-url": "https://packagist.org/downloads/",
            "license": [
                "LGPL-3.0"
            ],
            "description": "Standard library files required by PocketMine-MP and related projects",
            "time": "2021-01-15T15:15:23+00:00"
        }
    ],
    "packages-dev": [],
    "aliases": [],
    "minimum-stability": "stable",
    "stability-flags": {
        "mine_deep_rock/form_builder": 20,
        "mine_deep_rock/bossbar_system": 20
    },
    "prefer-stable": false,
    "prefer-lowest": false,
    "platform": {
        "ext-json": "*"
    },
    "platform-dev": []
}
